
Microsoft Visual Studio Solution File, Format Version 12.00
# Visual Studio Version 17
VisualStudioVersion = 17.8.34316.72
MinimumVisualStudioVersion = 10.0.40219.1
Project("{8BC9CEB8-8B4A-11D0-8D11-00A0C91BC942}") = "WinProject", "WinProject.vcxproj", "{CA5AF9ED-8419-4BB3-9430-3002CD242EFA}"
EndProject
Project("{8BC9CEB8-8B4A-11D0-8D11-00A0C91BC942}") = "MyDill", "..\MyDill\MyDill.vcxproj", "{2BED8D7F-D33A-4661-9A1B-5110CB190E3B}"
EndProject
Project("{8BC9CEB8-8B4A-11D0-8D11-00A0C91BC942}") = "JumpDll", "..\JumpDll\JumpDll.vcxproj", "{AFA74E6D-3F90-43F4-8F7B-0C87EF6276DC}"
EndProject
Project("{8BC9CEB8-8B4A-11D0-8D11-00A0C91BC942}") = "WinDesktop", "..\WinDesktop\WinDesktop.vcxproj", "{6C27026A-A842-4042-91CC-C678F6326145}"
EndProject
Project("{8BC9CEB8-8B4A-11D0-8D11-00A0C91BC942}") = "WinShell", "..\WinShell\WinShell.vcxproj", "{C50E535C-1A27-4FFB-A1BB-A2BD02C7BCB2}"
EndProject
Global
	GlobalSection(SolutionConfigurationPlatforms) = preSolution
		Debug|ARM64 = Debug|ARM64
		Debug|x64 = Debug|x64
		Debug|x86 = Debug|x86
		Release|ARM64 = Release|ARM64
		Release|x64 = Release|x64
		Release|x86 = Release|x86
	EndGlobalSection
	GlobalSection(ProjectConfigurationPlatforms) = postSolution
		{CA5AF9ED-8419-4BB3-9430-3002CD242EFA}.Debug|ARM64.ActiveCfg = Debug|ARM64
		{CA5AF9ED-8419-4BB3-9430-3002CD242EFA}.Debug|ARM64.Build.0 = Debug|ARM64
		{CA5AF9ED-8419-4BB3-9430-3002CD242EFA}.Debug|x64.ActiveCfg = Debug|x64
		{CA5AF9ED-8419-4BB3-9430-3002CD242EFA}.Debug|x64.Build.0 = Debug|x64
		{CA5AF9ED-8419-4BB3-9430-3002CD242EFA}.Debug|x86.ActiveCfg = Debug|Win32
		{CA5AF9ED-8419-4BB3-9430-3002CD242EFA}.Debug|x86.Build.0 = Debug|Win32
		{CA5AF9ED-8419-4BB3-9430-3002CD242EFA}.Release|ARM64.ActiveCfg = Release|ARM64
		{CA5AF9ED-8419-4BB3-9430-3002CD242EFA}.Release|ARM64.Build.0 = Release|ARM64
		{CA5AF9ED-8419-4BB3-9430-3002CD242EFA}.Release|x64.ActiveCfg = Release|x64
		{CA5AF9ED-8419-4BB3-9430-3002CD242EFA}.Release|x64.Build.0 = Release|x64
		{CA5AF9ED-8419-4BB3-9430-3002CD242EFA}.Release|x86.ActiveCfg = Release|Win32
		{CA5AF9ED-8419-4BB3-9430-3002CD242EFA}.Release|x86.Build.0 = Release|Win32
		{2BED8D7F-D33A-4661-9A1B-5110CB190E3B}.Debug|ARM64.ActiveCfg = Debug|ARM64
		{2BED8D7F-D33A-4661-9A1B-5110CB190E3B}.Debug|ARM64.Build.0 = Debug|ARM64
		{2BED8D7F-D33A-4661-9A1B-5110CB190E3B}.Debug|x64.ActiveCfg = Debug|x64
		{2BED8D7F-D33A-4661-9A1B-5110CB190E3B}.Debug|x64.Build.0 = Debug|x64
		{2BED8D7F-D33A-4661-9A1B-5110CB190E3B}.Debug|x86.ActiveCfg = Debug|Win32
		{2BED8D7F-D33A-4661-9A1B-5110CB190E3B}.Debug|x86.Build.0 = Debug|Win32
		{2BED8D7F-D33A-4661-9A1B-5110CB190E3B}.Release|ARM64.ActiveCfg = Release|ARM64
		{2BED8D7F-D33A-4661-9A1B-5110CB190E3B}.Release|ARM64.Build.0 = Release|ARM64
		{2BED8D7F-D33A-4661-9A1B-5110CB190E3B}.Release|x64.ActiveCfg = Release|x64
		{2BED8D7F-D33A-4661-9A1B-5110CB190E3B}.Release|x64.Build.0 = Release|x64
		{2BED8D7F-D33A-4661-9A1B-5110CB190E3B}.Release|x86.ActiveCfg = Release|Win32
		{2BED8D7F-D33A-4661-9A1B-5110CB190E3B}.Release|x86.Build.0 = Release|Win32
		{AFA74E6D-3F90-43F4-8F7B-0C87EF6276DC}.Debug|ARM64.ActiveCfg = Debug|ARM64
		{AFA74E6D-3F90-43F4-8F7B-0C87EF6276DC}.Debug|ARM64.Build.0 = Debug|ARM64
		{AFA74E6D-3F90-43F4-8F7B-0C87EF6276DC}.Debug|x64.ActiveCfg = Debug|x64
		{AFA74E6D-3F90-43F4-8F7B-0C87EF6276DC}.Debug|x64.Build.0 = Debug|x64
		{AFA74E6D-3F90-43F4-8F7B-0C87EF6276DC}.Debug|x86.ActiveCfg = Debug|Win32
		{AFA74E6D-3F90-43F4-8F7B-0C87EF6276DC}.Debug|x86.Build.0 = Debug|Win32
		{AFA74E6D-3F90-43F4-8F7B-0C87EF6276DC}.Release|ARM64.ActiveCfg = Release|ARM64
		{AFA74E6D-3F90-43F4-8F7B-0C87EF6276DC}.Release|ARM64.Build.0 = Release|ARM64
		{AFA74E6D-3F90-43F4-8F7B-0C87EF6276DC}.Release|x64.ActiveCfg = Release|x64
		{AFA74E6D-3F90-43F4-8F7B-0C87EF6276DC}.Release|x64.Build.0 = Release|x64
		{AFA74E6D-3F90-43F4-8F7B-0C87EF6276DC}.Release|x86.ActiveCfg = Release|Win32
		{AFA74E6D-3F90-43F4-8F7B-0C87EF6276DC}.Release|x86.Build.0 = Release|Win32
		{6C27026A-A842-4042-91CC-C678F6326145}.Debug|ARM64.ActiveCfg = Debug|ARM64
		{6C27026A-A842-4042-91CC-C678F6326145}.Debug|ARM64.Build.0 = Debug|ARM64
		{6C27026A-A842-4042-91CC-C678F6326145}.Debug|x64.ActiveCfg = Debug|x64
		{6C27026A-A842-4042-91CC-C678F6326145}.Debug|x64.Build.0 = Debug|x64
		{6C27026A-A842-4042-91CC-C678F6326145}.Debug|x86.ActiveCfg = Debug|Win32
		{6C27026A-A842-4042-91CC-C678F6326145}.Debug|x86.Build.0 = Debug|Win32
		{6C27026A-A842-4042-91CC-C678F6326145}.Release|ARM64.ActiveCfg = Release|ARM64
		{6C27026A-A842-4042-91CC-C678F6326145}.Release|ARM64.Build.0 = Release|ARM64
		{6C27026A-A842-4042-91CC-C678F6326145}.Release|x64.ActiveCfg = Release|x64
		{6C27026A-A842-4042-91CC-C678F6326145}.Release|x64.Build.0 = Release|x64
		{6C27026A-A842-4042-91CC-C678F6326145}.Release|x86.ActiveCfg = Release|Win32
		{6C27026A-A842-4042-91CC-C678F6326145}.Release|x86.Build.0 = Release|Win32
		{C50E535C-1A27-4FFB-A1BB-A2BD02C7BCB2}.Debug|ARM64.ActiveCfg = Debug|ARM64
		{C50E535C-1A27-4FFB-A1BB-A2BD02C7BCB2}.Debug|ARM64.Build.0 = Debug|ARM64
		{C50E535C-1A27-4FFB-A1BB-A2BD02C7BCB2}.Debug|x64.ActiveCfg = Debug|x64
		{C50E535C-1A27-4FFB-A1BB-A2BD02C7BCB2}.Debug|x64.Build.0 = Debug|x64
		{C50E535C-1A27-4FFB-A1BB-A2BD02C7BCB2}.Debug|x86.ActiveCfg = Debug|Win32
		{C50E535C-1A27-4FFB-A1BB-A2BD02C7BCB2}.Debug|x86.Build.0 = Debug|Win32
		{C50E535C-1A27-4FFB-A1BB-A2BD02C7BCB2}.Release|ARM64.ActiveCfg = Release|ARM64
		{C50E535C-1A27-4FFB-A1BB-A2BD02C7BCB2}.Release|ARM64.Build.0 = Release|ARM64
		{C50E535C-1A27-4FFB-A1BB-A2BD02C7BCB2}.Release|x64.ActiveCfg = Release|x64
		{C50E535C-1A27-4FFB-A1BB-A2BD02C7BCB2}.Release|x64.Build.0 = Release|x64
		{C50E535C-1A27-4FFB-A1BB-A2BD02C7BCB2}.Release|x86.ActiveCfg = Release|Win32
		{C50E535C-1A27-4FFB-A1BB-A2BD02C7BCB2}.Release|x86.Build.0 = Release|Win32
	EndGlobalSection
	GlobalSection(SolutionProperties) = preSolution
		HideSolutionNode = FALSE
	EndGlobalSection
	GlobalSection(ExtensibilityGlobals) = postSolution
		SolutionGuid = {0D92439F-8E5E-4FE8-8188-90FFC9207125}
	EndGlobalSection
EndGlobal
